
Microsoft Visual Studio Solution File, Format Version 12.00
# Visual Studio Version 17
VisualStudioVersion = 17.8.34316.72
MinimumVisualStudioVersion = 10.0.40219.1
Project("{9A19103F-16F7-4668-BE54-9A1E7A4F7556}") = "GTRC_Database_Viewer", "GTRC_Database_Viewer.csproj", "{EF7F8B30-4E11-41D5-BC6B-7234952E609F}"
EndProject
Project("{9A19103F-16F7-4668-BE54-9A1E7A4F7556}") = "GTRC_Basics", "..\GTRC-Basics\GTRC_Basics.csproj", "{EB1812CD-37C4-4C9D-97C7-A6BE72DD4470}"
EndProject
Project("{9A19103F-16F7-4668-BE54-9A1E7A4F7556}") = "GTRC_WPF", "..\GTRC-WPF\GTRC_WPF.csproj", "{8C5A9EEB-9EC5-4EF3-BE4A-EBE7CC53E74B}"
EndProject
Project("{9A19103F-16F7-4668-BE54-9A1E7A4F7556}") = "GTRC_Database_Client", "..\GTRC-Database-Client\GTRC_Database_Client.csproj", "{D7ACD7CE-EC2F-48F1-ACAC-DBB87CE45C66}"
EndProject
Global
	GlobalSection(SolutionConfigurationPlatforms) = preSolution
		Debug|Any CPU = Debug|Any CPU
		Release|Any CPU = Release|Any CPU
	EndGlobalSection
	GlobalSection(ProjectConfigurationPlatforms) = postSolution
		{EF7F8B30-4E11-41D5-BC6B-7234952E609F}.Debug|Any CPU.ActiveCfg = Debug|Any CPU
		{EF7F8B30-4E11-41D5-BC6B-7234952E609F}.Debug|Any CPU.Build.0 = Debug|Any CPU
		{EF7F8B30-4E11-41D5-BC6B-7234952E609F}.Release|Any CPU.ActiveCfg = Release|Any CPU
		{EF7F8B30-4E11-41D5-BC6B-7234952E609F}.Release|Any CPU.Build.0 = Release|Any CPU
		{EB1812CD-37C4-4C9D-97C7-A6BE72DD4470}.Debug|Any CPU.ActiveCfg = Debug|Any CPU
		{EB1812CD-37C4-4C9D-97C7-A6BE72DD4470}.Debug|Any CPU.Build.0 = Debug|Any CPU
		{EB1812CD-37C4-4C9D-97C7-A6BE72DD4470}.Release|Any CPU.ActiveCfg = Release|Any CPU
		{EB1812CD-37C4-4C9D-97C7-A6BE72DD4470}.Release|Any CPU.Build.0 = Release|Any CPU
		{8C5A9EEB-9EC5-4EF3-BE4A-EBE7CC53E74B}.Debug|Any CPU.ActiveCfg = Debug|Any CPU
		{8C5A9EEB-9EC5-4EF3-BE4A-EBE7CC53E74B}.Debug|Any CPU.Build.0 = Debug|Any CPU
		{8C5A9EEB-9EC5-4EF3-BE4A-EBE7CC53E74B}.Release|Any CPU.ActiveCfg = Release|Any CPU
		{8C5A9EEB-9EC5-4EF3-BE4A-EBE7CC53E74B}.Release|Any CPU.Build.0 = Release|Any CPU
		{D7ACD7CE-EC2F-48F1-ACAC-DBB87CE45C66}.Debug|Any CPU.ActiveCfg = Debug|Any CPU
		{D7ACD7CE-EC2F-48F1-ACAC-DBB87CE45C66}.Debug|Any CPU.Build.0 = Debug|Any CPU
		{D7ACD7CE-EC2F-48F1-ACAC-DBB87CE45C66}.Release|Any CPU.ActiveCfg = Release|Any CPU
		{D7ACD7CE-EC2F-48F1-ACAC-DBB87CE45C66}.Release|Any CPU.Build.0 = Release|Any CPU
	EndGlobalSection
	GlobalSection(SolutionProperties) = preSolution
		HideSolutionNode = FALSE
	EndGlobalSection
	GlobalSection(ExtensibilityGlobals) = postSolution
		SolutionGuid = {68F8D58F-F0F0-4B79-9EF5-48F54FBCA0CF}
	EndGlobalSection
EndGlobal
