
Microsoft Visual Studio Solution File, Format Version 12.00
# Visual Studio Version 17
VisualStudioVersion = 17.8.34316.72
MinimumVisualStudioVersion = 10.0.40219.1
Project("{FAE04EC0-301F-11D3-BF4B-00C04F79EFBC}") = "GTRC_Database_Viewer", "GTRC_Database_Viewer.csproj", "{EF7F8B30-4E11-41D5-BC6B-7234952E609F}"
EndProject
Global
	GlobalSection(SolutionConfigurationPlatforms) = preSolution
		Debug|Any CPU = Debug|Any CPU
		Release|Any CPU = Release|Any CPU
	EndGlobalSection
	GlobalSection(ProjectConfigurationPlatforms) = postSolution
		{EF7F8B30-4E11-41D5-BC6B-7234952E609F}.Debug|Any CPU.ActiveCfg = Debug|Any CPU
		{EF7F8B30-4E11-41D5-BC6B-7234952E609F}.Debug|Any CPU.Build.0 = Debug|Any CPU
		{EF7F8B30-4E11-41D5-BC6B-7234952E609F}.Release|Any CPU.ActiveCfg = Release|Any CPU
		{EF7F8B30-4E11-41D5-BC6B-7234952E609F}.Release|Any CPU.Build.0 = Release|Any CPU
	EndGlobalSection
	GlobalSection(SolutionProperties) = preSolution
		HideSolutionNode = FALSE
	EndGlobalSection
	GlobalSection(ExtensibilityGlobals) = postSolution
		SolutionGuid = {68F8D58F-F0F0-4B79-9EF5-48F54FBCA0CF}
	EndGlobalSection
EndGlobal
